// !$*UTF8*$!
{
	archiveVersion = 1;
	classes = {
	};
	objectVersion = 50;
	objects = {

/* Begin PBXBuildFile section */
		FE0C6A792797AB5900F40105 /* FBSDKLoginKit.framework in Frameworks */ = {isa = PBXBuildFile; fileRef = FE0C6A732797AB5800F40105 /* FBSDKLoginKit.framework */; };
		FE0C6A7A2797AB5900F40105 /* FBAEMKit.framework in Frameworks */ = {isa = PBXBuildFile; fileRef = FE0C6A742797AB5800F40105 /* FBAEMKit.framework */; };
		FE0C6A7B2797AB5900F40105 /* FBSDKCoreKit.framework in Frameworks */ = {isa = PBXBuildFile; fileRef = FE0C6A752797AB5800F40105 /* FBSDKCoreKit.framework */; };
		FE0C6A7C2797AB5900F40105 /* FBSDKCoreKit_Basics.framework in Frameworks */ = {isa = PBXBuildFile; fileRef = FE0C6A762797AB5800F40105 /* FBSDKCoreKit_Basics.framework */; };
		FE176BA6263664D100A712FF /* AppTrackingTransparency.framework in Frameworks */ = {isa = PBXBuildFile; fileRef = FE176BA5263664D100A712FF /* AppTrackingTransparency.framework */; };
		FE38E17B235EFD0600CEEE56 /* libsqlite3.0.tbd in Frameworks */ = {isa = PBXBuildFile; fileRef = FE38E17A235EFD0600CEEE56 /* libsqlite3.0.tbd */; };
		FE40F6D92500E7FC008F5A08 /* File.swift in Sources */ = {isa = PBXBuildFile; fileRef = FE40F6D82500E7FC008F5A08 /* File.swift */; };
		FE40F6DB2500E80C008F5A08 /* Accelerate.framework in Frameworks */ = {isa = PBXBuildFile; fileRef = FE40F6DA2500E80C008F5A08 /* Accelerate.framework */; };
		FE431C2C24FCF0C0004D439E /* GoogleService-Info.plist in Resources */ = {isa = PBXBuildFile; fileRef = FE431C2B24FCF0C0004D439E /* GoogleService-Info.plist */; };
		FE5EEDB92608A21B00F349D4 /* DINSDK.framework in Frameworks */ = {isa = PBXBuildFile; fileRef = FE5EEDB82608A21B00F349D4 /* DINSDK.framework */; };
		FE66F8512254566100E41A6A /* AppDelegate.m in Sources */ = {isa = PBXBuildFile; fileRef = FE66F8502254566100E41A6A /* AppDelegate.m */; };
		FE66F8542254566100E41A6A /* ViewController.m in Sources */ = {isa = PBXBuildFile; fileRef = FE66F8532254566100E41A6A /* ViewController.m */; };
		FE66F8572254566100E41A6A /* Main.storyboard in Resources */ = {isa = PBXBuildFile; fileRef = FE66F8552254566100E41A6A /* Main.storyboard */; };
		FE66F8592254566100E41A6A /* Assets.xcassets in Resources */ = {isa = PBXBuildFile; fileRef = FE66F8582254566100E41A6A /* Assets.xcassets */; };
		FE66F85C2254566100E41A6A /* LaunchScreen.storyboard in Resources */ = {isa = PBXBuildFile; fileRef = FE66F85A2254566100E41A6A /* LaunchScreen.storyboard */; };
		FE66F85F2254566100E41A6A /* main.m in Sources */ = {isa = PBXBuildFile; fileRef = FE66F85E2254566100E41A6A /* main.m */; };
		FE73246A27C8B70800ED4DD3 /* AppsFlyerLib.framework in Frameworks */ = {isa = PBXBuildFile; fileRef = FE73246727C8B70800ED4DD3 /* AppsFlyerLib.framework */; };
		FE7780A923A9C5F3000985D7 /* AuthenticationServices.framework in Frameworks */ = {isa = PBXBuildFile; fileRef = FE7780A823A9C5F3000985D7 /* AuthenticationServices.framework */; };
		FE8900DC23BF17B000C86C90 /* SocketRocket.a in Frameworks */ = {isa = PBXBuildFile; fileRef = FE8900C923BF17AF00C86C90 /* SocketRocket.a */; };
		FE8900DF23BF17B000C86C90 /* DINSDKBundle.bundle in Resources */ = {isa = PBXBuildFile; fileRef = FE8900CC23BF17AF00C86C90 /* DINSDKBundle.bundle */; };
		FE8FC73F278FCD390093CB79 /* libresolv.tbd in Frameworks */ = {isa = PBXBuildFile; fileRef = FE8FC73E278FCD390093CB79 /* libresolv.tbd */; };
		FE8FC741278FCD570093CB79 /* libbz2.1.0.tbd in Frameworks */ = {isa = PBXBuildFile; fileRef = FE8FC740278FCD570093CB79 /* libbz2.1.0.tbd */; };
		FE8FC742278FCD740093CB79 /* libc++abi.tbd in Frameworks */ = {isa = PBXBuildFile; fileRef = FE918DA62304F826009D1C69 /* libc++abi.tbd */; };
		FE8FC872278FF37B0093CB79 /* GoogleDataTransport.framework in Frameworks */ = {isa = PBXBuildFile; fileRef = FE8FC86A278FF37B0093CB79 /* GoogleDataTransport.framework */; };
		FE8FC873278FF37B0093CB79 /* FirebaseCore.framework in Frameworks */ = {isa = PBXBuildFile; fileRef = FE8FC86B278FF37B0093CB79 /* FirebaseCore.framework */; };
		FE8FC874278FF37B0093CB79 /* FirebaseRemoteConfig.framework in Frameworks */ = {isa = PBXBuildFile; fileRef = FE8FC86C278FF37B0093CB79 /* FirebaseRemoteConfig.framework */; };
		FE8FC875278FF37B0093CB79 /* FirebaseAnalytics.framework in Frameworks */ = {isa = PBXBuildFile; fileRef = FE8FC86D278FF37B0093CB79 /* FirebaseAnalytics.framework */; };
		FE8FC876278FF37C0093CB79 /* FirebaseInstallations.framework in Frameworks */ = {isa = PBXBuildFile; fileRef = FE8FC86F278FF37B0093CB79 /* FirebaseInstallations.framework */; };
		FE8FC877278FF37C0093CB79 /* FirebaseABTesting.framework in Frameworks */ = {isa = PBXBuildFile; fileRef = FE8FC870278FF37B0093CB79 /* FirebaseABTesting.framework */; };
		FE8FC878278FF37C0093CB79 /* FirebaseCoreDiagnostics.framework in Frameworks */ = {isa = PBXBuildFile; fileRef = FE8FC871278FF37B0093CB79 /* FirebaseCoreDiagnostics.framework */; };
		FE918DA12304ED97009D1C69 /* libicucore.tbd in Frameworks */ = {isa = PBXBuildFile; fileRef = FE918DA02304ED97009D1C69 /* libicucore.tbd */; };
		FE918DA32304F7DA009D1C69 /* libc++.tbd in Frameworks */ = {isa = PBXBuildFile; fileRef = FE918DA22304F7DA009D1C69 /* libc++.tbd */; };
		FEB8F0FE2919EDCE00724461 /* TeaSDK.framework in Frameworks */ = {isa = PBXBuildFile; fileRef = FEB8F0FD2919EDCE00724461 /* TeaSDK.framework */; };
		FEEACBC12581AB2C00BFA6B4 /* SVProgressHUD.bundle in Resources */ = {isa = PBXBuildFile; fileRef = FEEACBC02581AB2C00BFA6B4 /* SVProgressHUD.bundle */; };
		FEEEE673288E4C10000B4BC7 /* AppLovinSDKResources.bundle in Resources */ = {isa = PBXBuildFile; fileRef = FEEEE64E288E4C0F000B4BC7 /* AppLovinSDKResources.bundle */; };
		FEEEE674288E4C10000B4BC7 /* PAGAdSDK.bundle in Resources */ = {isa = PBXBuildFile; fileRef = FEEEE64F288E4C0F000B4BC7 /* PAGAdSDK.bundle */; };
		FEEEE675288E4C10000B4BC7 /* UnityAds.framework in Frameworks */ = {isa = PBXBuildFile; fileRef = FEEEE652288E4C0F000B4BC7 /* UnityAds.framework */; };
		FEEEE676288E4C10000B4BC7 /* ISUnityAdsAdapter.framework in Frameworks */ = {isa = PBXBuildFile; fileRef = FEEEE653288E4C0F000B4BC7 /* ISUnityAdsAdapter.framework */; };
		FEEEE677288E4C10000B4BC7 /* IronSource.framework in Frameworks */ = {isa = PBXBuildFile; fileRef = FEEEE655288E4C0F000B4BC7 /* IronSource.framework */; };
		FEEEE678288E4C10000B4BC7 /* VungleSDK.framework in Frameworks */ = {isa = PBXBuildFile; fileRef = FEEEE657288E4C0F000B4BC7 /* VungleSDK.framework */; };
		FEEEE679288E4C10000B4BC7 /* ISVungleAdapter.framework in Frameworks */ = {isa = PBXBuildFile; fileRef = FEEEE658288E4C0F000B4BC7 /* ISVungleAdapter.framework */; };
		FEEEE67A288E4C10000B4BC7 /* Tapjoy.framework in Frameworks */ = {isa = PBXBuildFile; fileRef = FEEEE65A288E4C0F000B4BC7 /* Tapjoy.framework */; };
		FEEEE67B288E4C10000B4BC7 /* ISTapjoyAdapter.framework in Frameworks */ = {isa = PBXBuildFile; fileRef = FEEEE65B288E4C0F000B4BC7 /* ISTapjoyAdapter.framework */; };
		FEEEE67C288E4C11000B4BC7 /* ISAppLovinAdapter.framework in Frameworks */ = {isa = PBXBuildFile; fileRef = FEEEE65D288E4C0F000B4BC7 /* ISAppLovinAdapter.framework */; };
		FEEEE67D288E4C11000B4BC7 /* AppLovinSDK.framework in Frameworks */ = {isa = PBXBuildFile; fileRef = FEEEE65E288E4C0F000B4BC7 /* AppLovinSDK.framework */; };
		FEEEE67E288E4C11000B4BC7 /* BUAdSDK.framework in Frameworks */ = {isa = PBXBuildFile; fileRef = FEEEE660288E4C0F000B4BC7 /* BUAdSDK.framework */; };
		FEEEE67F288E4C11000B4BC7 /* BURelyAdSDK.framework in Frameworks */ = {isa = PBXBuildFile; fileRef = FEEEE661288E4C0F000B4BC7 /* BURelyAdSDK.framework */; };
		FEEEE680288E4C11000B4BC7 /* BUVAAuxiliary.framework in Frameworks */ = {isa = PBXBuildFile; fileRef = FEEEE662288E4C0F000B4BC7 /* BUVAAuxiliary.framework */; };
		FEEEE681288E4C11000B4BC7 /* ISPangleAdapter.framework in Frameworks */ = {isa = PBXBuildFile; fileRef = FEEEE663288E4C0F000B4BC7 /* ISPangleAdapter.framework */; };
		FEEEE682288E4C12000B4BC7 /* BUFoundation.framework in Frameworks */ = {isa = PBXBuildFile; fileRef = FEEEE664288E4C0F000B4BC7 /* BUFoundation.framework */; };
		FEEEE683288E4C12000B4BC7 /* PAGAdSDK.framework in Frameworks */ = {isa = PBXBuildFile; fileRef = FEEEE665288E4C0F000B4BC7 /* PAGAdSDK.framework */; };
		FEEEE684288E4C12000B4BC7 /* BURelyFoundation_Global.framework in Frameworks */ = {isa = PBXBuildFile; fileRef = FEEEE666288E4C0F000B4BC7 /* BURelyFoundation_Global.framework */; };
		FEEEE685288E4C12000B4BC7 /* ISFacebookAdapter.framework in Frameworks */ = {isa = PBXBuildFile; fileRef = FEEEE668288E4C0F000B4BC7 /* ISFacebookAdapter.framework */; };
		FEEEE686288E4C12000B4BC7 /* FBAudienceNetwork.framework in Frameworks */ = {isa = PBXBuildFile; fileRef = FEEEE669288E4C0F000B4BC7 /* FBAudienceNetwork.framework */; };
		FEEEE687288E4C13000B4BC7 /* GoogleAppMeasurement.framework in Frameworks */ = {isa = PBXBuildFile; fileRef = FEEEE66B288E4C10000B4BC7 /* GoogleAppMeasurement.framework */; };
		FEEEE688288E4C13000B4BC7 /* GoogleUtilities.framework in Frameworks */ = {isa = PBXBuildFile; fileRef = FEEEE66C288E4C10000B4BC7 /* GoogleUtilities.framework */; };
		FEEEE689288E4C13000B4BC7 /* PromisesObjC.framework in Frameworks */ = {isa = PBXBuildFile; fileRef = FEEEE66D288E4C10000B4BC7 /* PromisesObjC.framework */; };
		FEEEE68A288E4C13000B4BC7 /* nanopb.framework in Frameworks */ = {isa = PBXBuildFile; fileRef = FEEEE66E288E4C10000B4BC7 /* nanopb.framework */; };
		FEEEE68B288E4C13000B4BC7 /* GoogleMobileAds.framework in Frameworks */ = {isa = PBXBuildFile; fileRef = FEEEE66F288E4C10000B4BC7 /* GoogleMobileAds.framework */; };
		FEEEE68C288E4C14000B4BC7 /* UserMessagingPlatform.framework in Frameworks */ = {isa = PBXBuildFile; fileRef = FEEEE670288E4C10000B4BC7 /* UserMessagingPlatform.framework */; };
		FEEEE68D288E4C14000B4BC7 /* GoogleAppMeasurementIdentitySupport.framework in Frameworks */ = {isa = PBXBuildFile; fileRef = FEEEE671288E4C10000B4BC7 /* GoogleAppMeasurementIdentitySupport.framework */; };
		FEEEE68E288E4C14000B4BC7 /* ISAdMobAdapter.framework in Frameworks */ = {isa = PBXBuildFile; fileRef = FEEEE672288E4C10000B4BC7 /* ISAdMobAdapter.framework */; };
		FEEEE69E288FEC28000B4BC7 /* FoxSDK.framework in Frameworks */ = {isa = PBXBuildFile; fileRef = FEEEE69C288FEC28000B4BC7 /* FoxSDK.framework */; };
		FEEEE6B0288FEE63000B4BC7 /* Image.bundle in Resources */ = {isa = PBXBuildFile; fileRef = FEEEE6AF288FEE63000B4BC7 /* Image.bundle */; };
/* End PBXBuildFile section */

/* Begin PBXCopyFilesBuildPhase section */
		FE66F876225456A100E41A6A /* Embed Frameworks */ = {
			isa = PBXCopyFilesBuildPhase;
			buildActionMask = 2147483647;
			dstPath = "";
			dstSubfolderSpec = 10;
			files = (
			);
			name = "Embed Frameworks";
			runOnlyForDeploymentPostprocessing = 0;
		};
/* End PBXCopyFilesBuildPhase section */

/* Begin PBXFileReference section */
		FE0C6A732797AB5800F40105 /* FBSDKLoginKit.framework */ = {isa = PBXFileReference; lastKnownFileType = wrapper.framework; path = FBSDKLoginKit.framework; sourceTree = "<group>"; };
		FE0C6A742797AB5800F40105 /* FBAEMKit.framework */ = {isa = PBXFileReference; lastKnownFileType = wrapper.framework; path = FBAEMKit.framework; sourceTree = "<group>"; };
		FE0C6A752797AB5800F40105 /* FBSDKCoreKit.framework */ = {isa = PBXFileReference; lastKnownFileType = wrapper.framework; path = FBSDKCoreKit.framework; sourceTree = "<group>"; };
		FE0C6A762797AB5800F40105 /* FBSDKCoreKit_Basics.framework */ = {isa = PBXFileReference; lastKnownFileType = wrapper.framework; path = FBSDKCoreKit_Basics.framework; sourceTree = "<group>"; };
		FE176BA5263664D100A712FF /* AppTrackingTransparency.framework */ = {isa = PBXFileReference; lastKnownFileType = wrapper.framework; name = AppTrackingTransparency.framework; path = System/Library/Frameworks/AppTrackingTransparency.framework; sourceTree = SDKROOT; };
		FE38E17A235EFD0600CEEE56 /* libsqlite3.0.tbd */ = {isa = PBXFileReference; lastKnownFileType = "sourcecode.text-based-dylib-definition"; name = libsqlite3.0.tbd; path = usr/lib/libsqlite3.0.tbd; sourceTree = SDKROOT; };
		FE40F6D72500E7FC008F5A08 /* NewSDKDemo-Bridging-Header.h */ = {isa = PBXFileReference; lastKnownFileType = sourcecode.c.h; path = "NewSDKDemo-Bridging-Header.h"; sourceTree = "<group>"; };
		FE40F6D82500E7FC008F5A08 /* File.swift */ = {isa = PBXFileReference; lastKnownFileType = sourcecode.swift; path = File.swift; sourceTree = "<group>"; };
		FE40F6DA2500E80C008F5A08 /* Accelerate.framework */ = {isa = PBXFileReference; lastKnownFileType = wrapper.framework; name = Accelerate.framework; path = System/Library/Frameworks/Accelerate.framework; sourceTree = SDKROOT; };
		FE431C2B24FCF0C0004D439E /* GoogleService-Info.plist */ = {isa = PBXFileReference; fileEncoding = 4; lastKnownFileType = text.plist.xml; path = "GoogleService-Info.plist"; sourceTree = "<group>"; };
		FE5EEDB82608A21B00F349D4 /* DINSDK.framework */ = {isa = PBXFileReference; lastKnownFileType = wrapper.framework; path = DINSDK.framework; sourceTree = "<group>"; };
		FE66F84C2254566100E41A6A /* APPLE泰文SDK.app */ = {isa = PBXFileReference; explicitFileType = wrapper.application; includeInIndex = 0; path = "APPLE泰文SDK.app"; sourceTree = BUILT_PRODUCTS_DIR; };
		FE66F84F2254566100E41A6A /* AppDelegate.h */ = {isa = PBXFileReference; lastKnownFileType = sourcecode.c.h; path = AppDelegate.h; sourceTree = "<group>"; };
		FE66F8502254566100E41A6A /* AppDelegate.m */ = {isa = PBXFileReference; lastKnownFileType = sourcecode.c.objc; path = AppDelegate.m; sourceTree = "<group>"; };
		FE66F8522254566100E41A6A /* ViewController.h */ = {isa = PBXFileReference; lastKnownFileType = sourcecode.c.h; path = ViewController.h; sourceTree = "<group>"; };
		FE66F8532254566100E41A6A /* ViewController.m */ = {isa = PBXFileReference; lastKnownFileType = sourcecode.c.objc; path = ViewController.m; sourceTree = "<group>"; };
		FE66F8562254566100E41A6A /* Base */ = {isa = PBXFileReference; lastKnownFileType = file.storyboard; name = Base; path = Base.lproj/Main.storyboard; sourceTree = "<group>"; };
		FE66F8582254566100E41A6A /* Assets.xcassets */ = {isa = PBXFileReference; lastKnownFileType = folder.assetcatalog; path = Assets.xcassets; sourceTree = "<group>"; };
		FE66F85B2254566100E41A6A /* Base */ = {isa = PBXFileReference; lastKnownFileType = file.storyboard; name = Base; path = Base.lproj/LaunchScreen.storyboard; sourceTree = "<group>"; };
		FE66F85D2254566100E41A6A /* Info.plist */ = {isa = PBXFileReference; lastKnownFileType = text.plist.xml; path = Info.plist; sourceTree = "<group>"; };
		FE66F85E2254566100E41A6A /* main.m */ = {isa = PBXFileReference; lastKnownFileType = sourcecode.c.objc; path = main.m; sourceTree = "<group>"; };
		FE73246727C8B70800ED4DD3 /* AppsFlyerLib.framework */ = {isa = PBXFileReference; lastKnownFileType = wrapper.framework; path = AppsFlyerLib.framework; sourceTree = "<group>"; };
		FE7780A723A9C3D6000985D7 /* APPLE泰文SDK.entitlements */ = {isa = PBXFileReference; lastKnownFileType = text.plist.entitlements; path = "APPLE泰文SDK.entitlements"; sourceTree = "<group>"; };
		FE7780A823A9C5F3000985D7 /* AuthenticationServices.framework */ = {isa = PBXFileReference; lastKnownFileType = wrapper.framework; name = AuthenticationServices.framework; path = System/Library/Frameworks/AuthenticationServices.framework; sourceTree = SDKROOT; };
		FE8900C923BF17AF00C86C90 /* SocketRocket.a */ = {isa = PBXFileReference; lastKnownFileType = archive.ar; path = SocketRocket.a; sourceTree = "<group>"; };
		FE8900CC23BF17AF00C86C90 /* DINSDKBundle.bundle */ = {isa = PBXFileReference; lastKnownFileType = "wrapper.plug-in"; path = DINSDKBundle.bundle; sourceTree = "<group>"; };
		FE8FC73E278FCD390093CB79 /* libresolv.tbd */ = {isa = PBXFileReference; lastKnownFileType = "sourcecode.text-based-dylib-definition"; name = libresolv.tbd; path = usr/lib/libresolv.tbd; sourceTree = SDKROOT; };
		FE8FC740278FCD570093CB79 /* libbz2.1.0.tbd */ = {isa = PBXFileReference; lastKnownFileType = "sourcecode.text-based-dylib-definition"; name = libbz2.1.0.tbd; path = usr/lib/libbz2.1.0.tbd; sourceTree = SDKROOT; };
		FE8FC86A278FF37B0093CB79 /* GoogleDataTransport.framework */ = {isa = PBXFileReference; lastKnownFileType = wrapper.framework; path = GoogleDataTransport.framework; sourceTree = "<group>"; };
		FE8FC86B278FF37B0093CB79 /* FirebaseCore.framework */ = {isa = PBXFileReference; lastKnownFileType = wrapper.framework; path = FirebaseCore.framework; sourceTree = "<group>"; };
		FE8FC86C278FF37B0093CB79 /* FirebaseRemoteConfig.framework */ = {isa = PBXFileReference; lastKnownFileType = wrapper.framework; path = FirebaseRemoteConfig.framework; sourceTree = "<group>"; };
		FE8FC86D278FF37B0093CB79 /* FirebaseAnalytics.framework */ = {isa = PBXFileReference; lastKnownFileType = wrapper.framework; path = FirebaseAnalytics.framework; sourceTree = "<group>"; };
		FE8FC86E278FF37B0093CB79 /* Firebase.h */ = {isa = PBXFileReference; fileEncoding = 4; lastKnownFileType = sourcecode.c.h; path = Firebase.h; sourceTree = "<group>"; };
		FE8FC86F278FF37B0093CB79 /* FirebaseInstallations.framework */ = {isa = PBXFileReference; lastKnownFileType = wrapper.framework; path = FirebaseInstallations.framework; sourceTree = "<group>"; };
		FE8FC870278FF37B0093CB79 /* FirebaseABTesting.framework */ = {isa = PBXFileReference; lastKnownFileType = wrapper.framework; path = FirebaseABTesting.framework; sourceTree = "<group>"; };
		FE8FC871278FF37B0093CB79 /* FirebaseCoreDiagnostics.framework */ = {isa = PBXFileReference; lastKnownFileType = wrapper.framework; path = FirebaseCoreDiagnostics.framework; sourceTree = "<group>"; };
		FE918DA02304ED97009D1C69 /* libicucore.tbd */ = {isa = PBXFileReference; lastKnownFileType = "sourcecode.text-based-dylib-definition"; name = libicucore.tbd; path = usr/lib/libicucore.tbd; sourceTree = SDKROOT; };
		FE918DA22304F7DA009D1C69 /* libc++.tbd */ = {isa = PBXFileReference; lastKnownFileType = "sourcecode.text-based-dylib-definition"; name = "libc++.tbd"; path = "usr/lib/libc++.tbd"; sourceTree = SDKROOT; };
		FE918DA42304F803009D1C69 /* libc++.1.tbd */ = {isa = PBXFileReference; lastKnownFileType = "sourcecode.text-based-dylib-definition"; name = "libc++.1.tbd"; path = "usr/lib/libc++.1.tbd"; sourceTree = SDKROOT; };
		FE918DA62304F826009D1C69 /* libc++abi.tbd */ = {isa = PBXFileReference; lastKnownFileType = "sourcecode.text-based-dylib-definition"; name = "libc++abi.tbd"; path = "usr/lib/libc++abi.tbd"; sourceTree = SDKROOT; };
		FEB8F0FD2919EDCE00724461 /* TeaSDK.framework */ = {isa = PBXFileReference; lastKnownFileType = wrapper.framework; path = TeaSDK.framework; sourceTree = "<group>"; };
		FEEACBC02581AB2C00BFA6B4 /* SVProgressHUD.bundle */ = {isa = PBXFileReference; lastKnownFileType = "wrapper.plug-in"; path = SVProgressHUD.bundle; sourceTree = "<group>"; };
		FEEEE64E288E4C0F000B4BC7 /* AppLovinSDKResources.bundle */ = {isa = PBXFileReference; lastKnownFileType = "wrapper.plug-in"; path = AppLovinSDKResources.bundle; sourceTree = "<group>"; };
		FEEEE64F288E4C0F000B4BC7 /* PAGAdSDK.bundle */ = {isa = PBXFileReference; lastKnownFileType = "wrapper.plug-in"; path = PAGAdSDK.bundle; sourceTree = "<group>"; };
		FEEEE652288E4C0F000B4BC7 /* UnityAds.framework */ = {isa = PBXFileReference; lastKnownFileType = wrapper.framework; path = UnityAds.framework; sourceTree = "<group>"; };
		FEEEE653288E4C0F000B4BC7 /* ISUnityAdsAdapter.framework */ = {isa = PBXFileReference; lastKnownFileType = wrapper.framework; path = ISUnityAdsAdapter.framework; sourceTree = "<group>"; };
		FEEEE655288E4C0F000B4BC7 /* IronSource.framework */ = {isa = PBXFileReference; lastKnownFileType = wrapper.framework; path = IronSource.framework; sourceTree = "<group>"; };
		FEEEE657288E4C0F000B4BC7 /* VungleSDK.framework */ = {isa = PBXFileReference; lastKnownFileType = wrapper.framework; path = VungleSDK.framework; sourceTree = "<group>"; };
		FEEEE658288E4C0F000B4BC7 /* ISVungleAdapter.framework */ = {isa = PBXFileReference; lastKnownFileType = wrapper.framework; path = ISVungleAdapter.framework; sourceTree = "<group>"; };
		FEEEE65A288E4C0F000B4BC7 /* Tapjoy.framework */ = {isa = PBXFileReference; lastKnownFileType = wrapper.framework; path = Tapjoy.framework; sourceTree = "<group>"; };
		FEEEE65B288E4C0F000B4BC7 /* ISTapjoyAdapter.framework */ = {isa = PBXFileReference; lastKnownFileType = wrapper.framework; path = ISTapjoyAdapter.framework; sourceTree = "<group>"; };
		FEEEE65D288E4C0F000B4BC7 /* ISAppLovinAdapter.framework */ = {isa = PBXFileReference; lastKnownFileType = wrapper.framework; path = ISAppLovinAdapter.framework; sourceTree = "<group>"; };
		FEEEE65E288E4C0F000B4BC7 /* AppLovinSDK.framework */ = {isa = PBXFileReference; lastKnownFileType = wrapper.framework; path = AppLovinSDK.framework; sourceTree = "<group>"; };
		FEEEE660288E4C0F000B4BC7 /* BUAdSDK.framework */ = {isa = PBXFileReference; lastKnownFileType = wrapper.framework; path = BUAdSDK.framework; sourceTree = "<group>"; };
		FEEEE661288E4C0F000B4BC7 /* BURelyAdSDK.framework */ = {isa = PBXFileReference; lastKnownFileType = wrapper.framework; path = BURelyAdSDK.framework; sourceTree = "<group>"; };
		FEEEE662288E4C0F000B4BC7 /* BUVAAuxiliary.framework */ = {isa = PBXFileReference; lastKnownFileType = wrapper.framework; path = BUVAAuxiliary.framework; sourceTree = "<group>"; };
		FEEEE663288E4C0F000B4BC7 /* ISPangleAdapter.framework */ = {isa = PBXFileReference; lastKnownFileType = wrapper.framework; path = ISPangleAdapter.framework; sourceTree = "<group>"; };
		FEEEE664288E4C0F000B4BC7 /* BUFoundation.framework */ = {isa = PBXFileReference; lastKnownFileType = wrapper.framework; path = BUFoundation.framework; sourceTree = "<group>"; };
		FEEEE665288E4C0F000B4BC7 /* PAGAdSDK.framework */ = {isa = PBXFileReference; lastKnownFileType = wrapper.framework; path = PAGAdSDK.framework; sourceTree = "<group>"; };
		FEEEE666288E4C0F000B4BC7 /* BURelyFoundation_Global.framework */ = {isa = PBXFileReference; lastKnownFileType = wrapper.framework; path = BURelyFoundation_Global.framework; sourceTree = "<group>"; };
		FEEEE668288E4C0F000B4BC7 /* ISFacebookAdapter.framework */ = {isa = PBXFileReference; lastKnownFileType = wrapper.framework; path = ISFacebookAdapter.framework; sourceTree = "<group>"; };
		FEEEE669288E4C0F000B4BC7 /* FBAudienceNetwork.framework */ = {isa = PBXFileReference; lastKnownFileType = wrapper.framework; path = FBAudienceNetwork.framework; sourceTree = "<group>"; };
		FEEEE66B288E4C10000B4BC7 /* GoogleAppMeasurement.framework */ = {isa = PBXFileReference; lastKnownFileType = wrapper.framework; path = GoogleAppMeasurement.framework; sourceTree = "<group>"; };
		FEEEE66C288E4C10000B4BC7 /* GoogleUtilities.framework */ = {isa = PBXFileReference; lastKnownFileType = wrapper.framework; path = GoogleUtilities.framework; sourceTree = "<group>"; };
		FEEEE66D288E4C10000B4BC7 /* PromisesObjC.framework */ = {isa = PBXFileReference; lastKnownFileType = wrapper.framework; path = PromisesObjC.framework; sourceTree = "<group>"; };
		FEEEE66E288E4C10000B4BC7 /* nanopb.framework */ = {isa = PBXFileReference; lastKnownFileType = wrapper.framework; path = nanopb.framework; sourceTree = "<group>"; };
		FEEEE66F288E4C10000B4BC7 /* GoogleMobileAds.framework */ = {isa = PBXFileReference; lastKnownFileType = wrapper.framework; path = GoogleMobileAds.framework; sourceTree = "<group>"; };
		FEEEE670288E4C10000B4BC7 /* UserMessagingPlatform.framework */ = {isa = PBXFileReference; lastKnownFileType = wrapper.framework; path = UserMessagingPlatform.framework; sourceTree = "<group>"; };
		FEEEE671288E4C10000B4BC7 /* GoogleAppMeasurementIdentitySupport.framework */ = {isa = PBXFileReference; lastKnownFileType = wrapper.framework; path = GoogleAppMeasurementIdentitySupport.framework; sourceTree = "<group>"; };
		FEEEE672288E4C10000B4BC7 /* ISAdMobAdapter.framework */ = {isa = PBXFileReference; lastKnownFileType = wrapper.framework; path = ISAdMobAdapter.framework; sourceTree = "<group>"; };
		FEEEE69C288FEC28000B4BC7 /* FoxSDK.framework */ = {isa = PBXFileReference; lastKnownFileType = wrapper.framework; path = FoxSDK.framework; sourceTree = "<group>"; };
		FEEEE6AF288FEE63000B4BC7 /* Image.bundle */ = {isa = PBXFileReference; lastKnownFileType = "wrapper.plug-in"; path = Image.bundle; sourceTree = "<group>"; };
/* End PBXFileReference section */

/* Begin PBXFrameworksBuildPhase section */
		FE66F8492254566100E41A6A /* Frameworks */ = {
			isa = PBXFrameworksBuildPhase;
			buildActionMask = 2147483647;
			files = (
				FEEEE685288E4C12000B4BC7 /* ISFacebookAdapter.framework in Frameworks */,
				FE8FC742278FCD740093CB79 /* libc++abi.tbd in Frameworks */,
				FEEEE687288E4C13000B4BC7 /* GoogleAppMeasurement.framework in Frameworks */,
				FE8FC876278FF37C0093CB79 /* FirebaseInstallations.framework in Frameworks */,
				FE8FC741278FCD570093CB79 /* libbz2.1.0.tbd in Frameworks */,
				FEEEE68E288E4C14000B4BC7 /* ISAdMobAdapter.framework in Frameworks */,
				FEEEE68C288E4C14000B4BC7 /* UserMessagingPlatform.framework in Frameworks */,
				FE8FC73F278FCD390093CB79 /* libresolv.tbd in Frameworks */,
				FE40F6DB2500E80C008F5A08 /* Accelerate.framework in Frameworks */,
				FE73246A27C8B70800ED4DD3 /* AppsFlyerLib.framework in Frameworks */,
				FEEEE680288E4C11000B4BC7 /* BUVAAuxiliary.framework in Frameworks */,
				FEEEE67E288E4C11000B4BC7 /* BUAdSDK.framework in Frameworks */,
				FE8FC873278FF37B0093CB79 /* FirebaseCore.framework in Frameworks */,
				FE8FC878278FF37C0093CB79 /* FirebaseCoreDiagnostics.framework in Frameworks */,
				FEEEE67C288E4C11000B4BC7 /* ISAppLovinAdapter.framework in Frameworks */,
				FEEEE67B288E4C10000B4BC7 /* ISTapjoyAdapter.framework in Frameworks */,
				FEEEE675288E4C10000B4BC7 /* UnityAds.framework in Frameworks */,
				FE176BA6263664D100A712FF /* AppTrackingTransparency.framework in Frameworks */,
				FEEEE68B288E4C13000B4BC7 /* GoogleMobileAds.framework in Frameworks */,
				FEEEE688288E4C13000B4BC7 /* GoogleUtilities.framework in Frameworks */,
				FE5EEDB92608A21B00F349D4 /* DINSDK.framework in Frameworks */,
				FE8FC875278FF37B0093CB79 /* FirebaseAnalytics.framework in Frameworks */,
				FEEEE67A288E4C10000B4BC7 /* Tapjoy.framework in Frameworks */,
				FEEEE681288E4C11000B4BC7 /* ISPangleAdapter.framework in Frameworks */,
				FEEEE68A288E4C13000B4BC7 /* nanopb.framework in Frameworks */,
				FEEEE684288E4C12000B4BC7 /* BURelyFoundation_Global.framework in Frameworks */,
				FE7780A923A9C5F3000985D7 /* AuthenticationServices.framework in Frameworks */,
				FEEEE67F288E4C11000B4BC7 /* BURelyAdSDK.framework in Frameworks */,
				FE0C6A7B2797AB5900F40105 /* FBSDKCoreKit.framework in Frameworks */,
				FE8FC872278FF37B0093CB79 /* GoogleDataTransport.framework in Frameworks */,
				FEEEE676288E4C10000B4BC7 /* ISUnityAdsAdapter.framework in Frameworks */,
				FEEEE678288E4C10000B4BC7 /* VungleSDK.framework in Frameworks */,
				FEEEE689288E4C13000B4BC7 /* PromisesObjC.framework in Frameworks */,
				FE38E17B235EFD0600CEEE56 /* libsqlite3.0.tbd in Frameworks */,
				FE8FC874278FF37B0093CB79 /* FirebaseRemoteConfig.framework in Frameworks */,
				FE918DA32304F7DA009D1C69 /* libc++.tbd in Frameworks */,
				FE0C6A7A2797AB5900F40105 /* FBAEMKit.framework in Frameworks */,
				FEEEE686288E4C12000B4BC7 /* FBAudienceNetwork.framework in Frameworks */,
				FE8FC877278FF37C0093CB79 /* FirebaseABTesting.framework in Frameworks */,
				FEEEE68D288E4C14000B4BC7 /* GoogleAppMeasurementIdentitySupport.framework in Frameworks */,
				FE918DA12304ED97009D1C69 /* libicucore.tbd in Frameworks */,
				FEEEE682288E4C12000B4BC7 /* BUFoundation.framework in Frameworks */,
				FEB8F0FE2919EDCE00724461 /* TeaSDK.framework in Frameworks */,
				FEEEE67D288E4C11000B4BC7 /* AppLovinSDK.framework in Frameworks */,
				FE0C6A7C2797AB5900F40105 /* FBSDKCoreKit_Basics.framework in Frameworks */,
				FEEEE677288E4C10000B4BC7 /* IronSource.framework in Frameworks */,
				FEEEE69E288FEC28000B4BC7 /* FoxSDK.framework in Frameworks */,
				FE0C6A792797AB5900F40105 /* FBSDKLoginKit.framework in Frameworks */,
				FEEEE683288E4C12000B4BC7 /* PAGAdSDK.framework in Frameworks */,
				FE8900DC23BF17B000C86C90 /* SocketRocket.a in Frameworks */,
				FEEEE679288E4C10000B4BC7 /* ISVungleAdapter.framework in Frameworks */,
			);
			runOnlyForDeploymentPostprocessing = 0;
		};
/* End PBXFrameworksBuildPhase section */

/* Begin PBXGroup section */
		FE0C6A722797AB5800F40105 /* FB12.1.0 */ = {
			isa = PBXGroup;
			children = (
				FE0C6A732797AB5800F40105 /* FBSDKLoginKit.framework */,
				FE0C6A742797AB5800F40105 /* FBAEMKit.framework */,
				FE0C6A752797AB5800F40105 /* FBSDKCoreKit.framework */,
				FE0C6A762797AB5800F40105 /* FBSDKCoreKit_Basics.framework */,
			);
			path = FB12.1.0;
			sourceTree = "<group>";
		};
		FE66F8432254566100E41A6A = {
			isa = PBXGroup;
			children = (
				FE66F84E2254566100E41A6A /* NewSDKDemo */,
				FE66F84D2254566100E41A6A /* Products */,
				FE918D9F2304ED97009D1C69 /* Frameworks */,
			);
			sourceTree = "<group>";
		};
		FE66F84D2254566100E41A6A /* Products */ = {
			isa = PBXGroup;
			children = (
				FE66F84C2254566100E41A6A /* APPLE泰文SDK.app */,
			);
			name = Products;
			sourceTree = "<group>";
		};
		FE66F84E2254566100E41A6A /* NewSDKDemo */ = {
			isa = PBXGroup;
			children = (
				FE8900B923BF17AF00C86C90 /* libs */,
				FE7780A723A9C3D6000985D7 /* APPLE泰文SDK.entitlements */,
				FE66F84F2254566100E41A6A /* AppDelegate.h */,
				FE66F8502254566100E41A6A /* AppDelegate.m */,
				FE66F8522254566100E41A6A /* ViewController.h */,
				FE66F8532254566100E41A6A /* ViewController.m */,
				FE66F8552254566100E41A6A /* Main.storyboard */,
				FE66F8582254566100E41A6A /* Assets.xcassets */,
				FE66F85A2254566100E41A6A /* LaunchScreen.storyboard */,
				FE66F85D2254566100E41A6A /* Info.plist */,
				FE66F85E2254566100E41A6A /* main.m */,
				FE40F6D82500E7FC008F5A08 /* File.swift */,
				FE40F6D72500E7FC008F5A08 /* NewSDKDemo-Bridging-Header.h */,
			);
			path = NewSDKDemo;
			sourceTree = "<group>";
		};
		FE73246627C8B70800ED4DD3 /* AF6.5.2 */ = {
			isa = PBXGroup;
			children = (
				FE73246727C8B70800ED4DD3 /* AppsFlyerLib.framework */,
			);
			path = AF6.5.2;
			sourceTree = "<group>";
		};
		FE8900B923BF17AF00C86C90 /* libs */ = {
			isa = PBXGroup;
			children = (
				FEB8F0FD2919EDCE00724461 /* TeaSDK.framework */,
				FEEEE69C288FEC28000B4BC7 /* FoxSDK.framework */,
				FEEEE650288E4C0F000B4BC7 /* IS */,
				FEEEE64D288E4C0F000B4BC7 /* ISBundle */,
				FE73246627C8B70800ED4DD3 /* AF6.5.2 */,
				FE0C6A722797AB5800F40105 /* FB12.1.0 */,
				FE8FC869278FF37B0093CB79 /* Fire8.7.0 */,
				FE431C2B24FCF0C0004D439E /* GoogleService-Info.plist */,
				FEEEE6AF288FEE63000B4BC7 /* Image.bundle */,
				FE5EEDB82608A21B00F349D4 /* DINSDK.framework */,
				FEEACBC02581AB2C00BFA6B4 /* SVProgressHUD.bundle */,
				FE8900C923BF17AF00C86C90 /* SocketRocket.a */,
				FE8900CC23BF17AF00C86C90 /* DINSDKBundle.bundle */,
			);
			path = libs;
			sourceTree = "<group>";
		};
		FE8FC869278FF37B0093CB79 /* Fire8.7.0 */ = {
			isa = PBXGroup;
			children = (
				FE8FC86A278FF37B0093CB79 /* GoogleDataTransport.framework */,
				FE8FC86B278FF37B0093CB79 /* FirebaseCore.framework */,
				FE8FC86C278FF37B0093CB79 /* FirebaseRemoteConfig.framework */,
				FE8FC86D278FF37B0093CB79 /* FirebaseAnalytics.framework */,
				FE8FC86E278FF37B0093CB79 /* Firebase.h */,
				FE8FC86F278FF37B0093CB79 /* FirebaseInstallations.framework */,
				FE8FC870278FF37B0093CB79 /* FirebaseABTesting.framework */,
				FE8FC871278FF37B0093CB79 /* FirebaseCoreDiagnostics.framework */,
			);
			path = Fire8.7.0;
			sourceTree = "<group>";
		};
		FE918D9F2304ED97009D1C69 /* Frameworks */ = {
			isa = PBXGroup;
			children = (
				FE8FC740278FCD570093CB79 /* libbz2.1.0.tbd */,
				FE8FC73E278FCD390093CB79 /* libresolv.tbd */,
				FE176BA5263664D100A712FF /* AppTrackingTransparency.framework */,
				FE40F6DA2500E80C008F5A08 /* Accelerate.framework */,
				FE7780A823A9C5F3000985D7 /* AuthenticationServices.framework */,
				FE38E17A235EFD0600CEEE56 /* libsqlite3.0.tbd */,
				FE918DA62304F826009D1C69 /* libc++abi.tbd */,
				FE918DA42304F803009D1C69 /* libc++.1.tbd */,
				FE918DA22304F7DA009D1C69 /* libc++.tbd */,
				FE918DA02304ED97009D1C69 /* libicucore.tbd */,
			);
			name = Frameworks;
			sourceTree = "<group>";
		};
		FEEEE64D288E4C0F000B4BC7 /* ISBundle */ = {
			isa = PBXGroup;
			children = (
				FEEEE64E288E4C0F000B4BC7 /* AppLovinSDKResources.bundle */,
				FEEEE64F288E4C0F000B4BC7 /* PAGAdSDK.bundle */,
			);
			path = ISBundle;
			sourceTree = "<group>";
		};
		FEEEE650288E4C0F000B4BC7 /* IS */ = {
			isa = PBXGroup;
			children = (
				FEEEE651288E4C0F000B4BC7 /* Unity */,
				FEEEE654288E4C0F000B4BC7 /* IronSource7.2.3.1 */,
				FEEEE656288E4C0F000B4BC7 /* Vungle */,
				FEEEE659288E4C0F000B4BC7 /* Tapjoy */,
				FEEEE65C288E4C0F000B4BC7 /* Applovin */,
				FEEEE65F288E4C0F000B4BC7 /* Pangle */,
				FEEEE667288E4C0F000B4BC7 /* Meta */,
				FEEEE66A288E4C10000B4BC7 /* Admob */,
			);
			path = IS;
			sourceTree = "<group>";
		};
		FEEEE651288E4C0F000B4BC7 /* Unity */ = {
			isa = PBXGroup;
			children = (
				FEEEE652288E4C0F000B4BC7 /* UnityAds.framework */,
				FEEEE653288E4C0F000B4BC7 /* ISUnityAdsAdapter.framework */,
			);
			path = Unity;
			sourceTree = "<group>";
		};
		FEEEE654288E4C0F000B4BC7 /* IronSource7.2.3.1 */ = {
			isa = PBXGroup;
			children = (
				FEEEE655288E4C0F000B4BC7 /* IronSource.framework */,
			);
			path = IronSource7.2.3.1;
			sourceTree = "<group>";
		};
		FEEEE656288E4C0F000B4BC7 /* Vungle */ = {
			isa = PBXGroup;
			children = (
				FEEEE657288E4C0F000B4BC7 /* VungleSDK.framework */,
				FEEEE658288E4C0F000B4BC7 /* ISVungleAdapter.framework */,
			);
			path = Vungle;
			sourceTree = "<group>";
		};
		FEEEE659288E4C0F000B4BC7 /* Tapjoy */ = {
			isa = PBXGroup;
			children = (
				FEEEE65A288E4C0F000B4BC7 /* Tapjoy.framework */,
				FEEEE65B288E4C0F000B4BC7 /* ISTapjoyAdapter.framework */,
			);
			path = Tapjoy;
			sourceTree = "<group>";
		};
		FEEEE65C288E4C0F000B4BC7 /* Applovin */ = {
			isa = PBXGroup;
			children = (
				FEEEE65D288E4C0F000B4BC7 /* ISAppLovinAdapter.framework */,
				FEEEE65E288E4C0F000B4BC7 /* AppLovinSDK.framework */,
			);
			path = Applovin;
			sourceTree = "<group>";
		};
		FEEEE65F288E4C0F000B4BC7 /* Pangle */ = {
			isa = PBXGroup;
			children = (
				FEEEE660288E4C0F000B4BC7 /* BUAdSDK.framework */,
				FEEEE661288E4C0F000B4BC7 /* BURelyAdSDK.framework */,
				FEEEE662288E4C0F000B4BC7 /* BUVAAuxiliary.framework */,
				FEEEE663288E4C0F000B4BC7 /* ISPangleAdapter.framework */,
				FEEEE664288E4C0F000B4BC7 /* BUFoundation.framework */,
				FEEEE665288E4C0F000B4BC7 /* PAGAdSDK.framework */,
				FEEEE666288E4C0F000B4BC7 /* BURelyFoundation_Global.framework */,
			);
			path = Pangle;
			sourceTree = "<group>";
		};
		FEEEE667288E4C0F000B4BC7 /* Meta */ = {
			isa = PBXGroup;
			children = (
				FEEEE668288E4C0F000B4BC7 /* ISFacebookAdapter.framework */,
				FEEEE669288E4C0F000B4BC7 /* FBAudienceNetwork.framework */,
			);
			path = Meta;
			sourceTree = "<group>";
		};
		FEEEE66A288E4C10000B4BC7 /* Admob */ = {
			isa = PBXGroup;
			children = (
				FEEEE66B288E4C10000B4BC7 /* GoogleAppMeasurement.framework */,
				FEEEE66C288E4C10000B4BC7 /* GoogleUtilities.framework */,
				FEEEE66D288E4C10000B4BC7 /* PromisesObjC.framework */,
				FEEEE66E288E4C10000B4BC7 /* nanopb.framework */,
				FEEEE66F288E4C10000B4BC7 /* GoogleMobileAds.framework */,
				FEEEE670288E4C10000B4BC7 /* UserMessagingPlatform.framework */,
				FEEEE671288E4C10000B4BC7 /* GoogleAppMeasurementIdentitySupport.framework */,
				FEEEE672288E4C10000B4BC7 /* ISAdMobAdapter.framework */,
			);
			path = Admob;
			sourceTree = "<group>";
		};
/* End PBXGroup section */

/* Begin PBXNativeTarget section */
		FE66F84B2254566100E41A6A /* NewSDKDemo */ = {
			isa = PBXNativeTarget;
			buildConfigurationList = FE66F8622254566100E41A6A /* Build configuration list for PBXNativeTarget "NewSDKDemo" */;
			buildPhases = (
				FE66F8482254566100E41A6A /* Sources */,
				FE66F8492254566100E41A6A /* Frameworks */,
				FE66F84A2254566100E41A6A /* Resources */,
				FE66F876225456A100E41A6A /* Embed Frameworks */,
			);
			buildRules = (
			);
			dependencies = (
			);
			name = NewSDKDemo;
			productName = NewSDKDemo;
			productReference = FE66F84C2254566100E41A6A /* APPLE泰文SDK.app */;
			productType = "com.apple.product-type.application";
		};
/* End PBXNativeTarget section */

/* Begin PBXProject section */
		FE66F8442254566100E41A6A /* Project object */ = {
			isa = PBXProject;
			attributes = {
				LastUpgradeCheck = 1020;
				ORGANIZATIONNAME = project;
				TargetAttributes = {
					FE66F84B2254566100E41A6A = {
						CreatedOnToolsVersion = 10.2;
						LastSwiftMigration = 1160;
					};
				};
			};
			buildConfigurationList = FE66F8472254566100E41A6A /* Build configuration list for PBXProject "NewSDKDemo" */;
			compatibilityVersion = "Xcode 9.3";
			developmentRegion = en;
			hasScannedForEncodings = 0;
			knownRegions = (
				en,
				Base,
			);
			mainGroup = FE66F8432254566100E41A6A;
			productRefGroup = FE66F84D2254566100E41A6A /* Products */;
			projectDirPath = "";
			projectRoot = "";
			targets = (
				FE66F84B2254566100E41A6A /* NewSDKDemo */,
			);
		};
/* End PBXProject section */

/* Begin PBXResourcesBuildPhase section */
		FE66F84A2254566100E41A6A /* Resources */ = {
			isa = PBXResourcesBuildPhase;
			buildActionMask = 2147483647;
			files = (
				FEEEE6B0288FEE63000B4BC7 /* Image.bundle in Resources */,
				FEEACBC12581AB2C00BFA6B4 /* SVProgressHUD.bundle in Resources */,
				FEEEE673288E4C10000B4BC7 /* AppLovinSDKResources.bundle in Resources */,
				FEEEE674288E4C10000B4BC7 /* PAGAdSDK.bundle in Resources */,
				FE8900DF23BF17B000C86C90 /* DINSDKBundle.bundle in Resources */,
				FE66F85C2254566100E41A6A /* LaunchScreen.storyboard in Resources */,
				FE66F8592254566100E41A6A /* Assets.xcassets in Resources */,
				FE66F8572254566100E41A6A /* Main.storyboard in Resources */,
				FE431C2C24FCF0C0004D439E /* GoogleService-Info.plist in Resources */,
			);
			runOnlyForDeploymentPostprocessing = 0;
		};
/* End PBXResourcesBuildPhase section */

/* Begin PBXSourcesBuildPhase section */
		FE66F8482254566100E41A6A /* Sources */ = {
			isa = PBXSourcesBuildPhase;
			buildActionMask = 2147483647;
			files = (
				FE66F8542254566100E41A6A /* ViewController.m in Sources */,
				FE40F6D92500E7FC008F5A08 /* File.swift in Sources */,
				FE66F85F2254566100E41A6A /* main.m in Sources */,
				FE66F8512254566100E41A6A /* AppDelegate.m in Sources */,
			);
			runOnlyForDeploymentPostprocessing = 0;
		};
/* End PBXSourcesBuildPhase section */

/* Begin PBXVariantGroup section */
		FE66F8552254566100E41A6A /* Main.storyboard */ = {
			isa = PBXVariantGroup;
			children = (
				FE66F8562254566100E41A6A /* Base */,
			);
			name = Main.storyboard;
			sourceTree = "<group>";
		};
		FE66F85A2254566100E41A6A /* LaunchScreen.storyboard */ = {
			isa = PBXVariantGroup;
			children = (
				FE66F85B2254566100E41A6A /* Base */,
			);
			name = LaunchScreen.storyboard;
			sourceTree = "<group>";
		};
/* End PBXVariantGroup section */

/* Begin XCBuildConfiguration section */
		FE66F8602254566100E41A6A /* Debug */ = {
			isa = XCBuildConfiguration;
			buildSettings = {
				ALWAYS_SEARCH_USER_PATHS = NO;
				CLANG_ANALYZER_NONNULL = YES;
				CLANG_ANALYZER_NUMBER_OBJECT_CONVERSION = YES_AGGRESSIVE;
				CLANG_CXX_LANGUAGE_STANDARD = "gnu++14";
				CLANG_CXX_LIBRARY = "libc++";
				CLANG_ENABLE_MODULES = YES;
				CLANG_ENABLE_OBJC_ARC = YES;
				CLANG_ENABLE_OBJC_WEAK = YES;
				CLANG_WARN_BLOCK_CAPTURE_AUTORELEASING = YES;
				CLANG_WARN_BOOL_CONVERSION = YES;
				CLANG_WARN_COMMA = YES;
				CLANG_WARN_CONSTANT_CONVERSION = YES;
				CLANG_WARN_DEPRECATED_OBJC_IMPLEMENTATIONS = YES;
				CLANG_WARN_DIRECT_OBJC_ISA_USAGE = YES_ERROR;
				CLANG_WARN_DOCUMENTATION_COMMENTS = YES;
				CLANG_WARN_EMPTY_BODY = YES;
				CLANG_WARN_ENUM_CONVERSION = YES;
				CLANG_WARN_INFINITE_RECURSION = YES;
				CLANG_WARN_INT_CONVERSION = YES;
				CLANG_WARN_NON_LITERAL_NULL_CONVERSION = YES;
				CLANG_WARN_OBJC_IMPLICIT_RETAIN_SELF = YES;
				CLANG_WARN_OBJC_LITERAL_CONVERSION = YES;
				CLANG_WARN_OBJC_ROOT_CLASS = YES_ERROR;
				CLANG_WARN_RANGE_LOOP_ANALYSIS = YES;
				CLANG_WARN_STRICT_PROTOTYPES = YES;
				CLANG_WARN_SUSPICIOUS_MOVE = YES;
				CLANG_WARN_UNGUARDED_AVAILABILITY = YES_AGGRESSIVE;
				CLANG_WARN_UNREACHABLE_CODE = YES;
				CLANG_WARN__DUPLICATE_METHOD_MATCH = YES;
				CODE_SIGN_IDENTITY = "iPhone Developer";
				COPY_PHASE_STRIP = NO;
				DEBUG_INFORMATION_FORMAT = dwarf;
				ENABLE_STRICT_OBJC_MSGSEND = YES;
				ENABLE_TESTABILITY = YES;
				GCC_C_LANGUAGE_STANDARD = gnu11;
				GCC_DYNAMIC_NO_PIC = NO;
				GCC_NO_COMMON_BLOCKS = YES;
				GCC_OPTIMIZATION_LEVEL = 0;
				GCC_PREPROCESSOR_DEFINITIONS = (
					"DEBUG=1",
					"$(inherited)",
				);
				GCC_WARN_64_TO_32_BIT_CONVERSION = YES;
				GCC_WARN_ABOUT_RETURN_TYPE = YES_ERROR;
				GCC_WARN_UNDECLARED_SELECTOR = YES;
				GCC_WARN_UNINITIALIZED_AUTOS = YES_AGGRESSIVE;
				GCC_WARN_UNUSED_FUNCTION = YES;
				GCC_WARN_UNUSED_VARIABLE = YES;
				IPHONEOS_DEPLOYMENT_TARGET = 11.0;
				MTL_ENABLE_DEBUG_INFO = INCLUDE_SOURCE;
				MTL_FAST_MATH = YES;
				ONLY_ACTIVE_ARCH = YES;
				SDKROOT = iphoneos;
			};
			name = Debug;
		};
		FE66F8612254566100E41A6A /* Release */ = {
			isa = XCBuildConfiguration;
			buildSettings = {
				ALWAYS_SEARCH_USER_PATHS = NO;
				CLANG_ANALYZER_NONNULL = YES;
				CLANG_ANALYZER_NUMBER_OBJECT_CONVERSION = YES_AGGRESSIVE;
				CLANG_CXX_LANGUAGE_STANDARD = "gnu++14";
				CLANG_CXX_LIBRARY = "libc++";
				CLANG_ENABLE_MODULES = YES;
				CLANG_ENABLE_OBJC_ARC = YES;
				CLANG_ENABLE_OBJC_WEAK = YES;
				CLANG_WARN_BLOCK_CAPTURE_AUTORELEASING = YES;
				CLANG_WARN_BOOL_CONVERSION = YES;
				CLANG_WARN_COMMA = YES;
				CLANG_WARN_CONSTANT_CONVERSION = YES;
				CLANG_WARN_DEPRECATED_OBJC_IMPLEMENTATIONS = YES;
				CLANG_WARN_DIRECT_OBJC_ISA_USAGE = YES_ERROR;
				CLANG_WARN_DOCUMENTATION_COMMENTS = YES;
				CLANG_WARN_EMPTY_BODY = YES;
				CLANG_WARN_ENUM_CONVERSION = YES;
				CLANG_WARN_INFINITE_RECURSION = YES;
				CLANG_WARN_INT_CONVERSION = YES;
				CLANG_WARN_NON_LITERAL_NULL_CONVERSION = YES;
				CLANG_WARN_OBJC_IMPLICIT_RETAIN_SELF = YES;
				CLANG_WARN_OBJC_LITERAL_CONVERSION = YES;
				CLANG_WARN_OBJC_ROOT_CLASS = YES_ERROR;
				CLANG_WARN_RANGE_LOOP_ANALYSIS = YES;
				CLANG_WARN_STRICT_PROTOTYPES = YES;
				CLANG_WARN_SUSPICIOUS_MOVE = YES;
				CLANG_WARN_UNGUARDED_AVAILABILITY = YES_AGGRESSIVE;
				CLANG_WARN_UNREACHABLE_CODE = YES;
				CLANG_WARN__DUPLICATE_METHOD_MATCH = YES;
				CODE_SIGN_IDENTITY = "iPhone Developer";
				COPY_PHASE_STRIP = NO;
				DEBUG_INFORMATION_FORMAT = "dwarf-with-dsym";
				ENABLE_NS_ASSERTIONS = NO;
				ENABLE_STRICT_OBJC_MSGSEND = YES;
				GCC_C_LANGUAGE_STANDARD = gnu11;
				GCC_NO_COMMON_BLOCKS = YES;
				GCC_WARN_64_TO_32_BIT_CONVERSION = YES;
				GCC_WARN_ABOUT_RETURN_TYPE = YES_ERROR;
				GCC_WARN_UNDECLARED_SELECTOR = YES;
				GCC_WARN_UNINITIALIZED_AUTOS = YES_AGGRESSIVE;
				GCC_WARN_UNUSED_FUNCTION = YES;
				GCC_WARN_UNUSED_VARIABLE = YES;
				IPHONEOS_DEPLOYMENT_TARGET = 11.0;
				MTL_ENABLE_DEBUG_INFO = NO;
				MTL_FAST_MATH = YES;
				SDKROOT = iphoneos;
				VALIDATE_PRODUCT = YES;
			};
			name = Release;
		};
		FE66F8632254566100E41A6A /* Debug */ = {
			isa = XCBuildConfiguration;
			buildSettings = {
				ASSETCATALOG_COMPILER_APPICON_NAME = AppIcon;
				CLANG_ENABLE_MODULES = YES;
				CLANG_WARN_OBJC_IMPLICIT_RETAIN_SELF = NO;
				CODE_SIGN_ENTITLEMENTS = "NewSDKDemo/APPLE泰文SDK.entitlements";
				CODE_SIGN_IDENTITY = "Apple Development";
				CODE_SIGN_STYLE = Automatic;
				DEVELOPMENT_TEAM = G6WJ4DK4A4;
				ENABLE_BITCODE = NO;
				EXCLUDED_ARCHS = "";
				FRAMEWORK_SEARCH_PATHS = (
					"$(inherited)",
					"$(PROJECT_DIR)/NewSDKDemo",
					"$(PROJECT_DIR)/NewSDKDemo/libs",
					"$(PROJECT_DIR)/NewSDKDemo/libs/ThirdPart/fb7.1.1",
					"$(PROJECT_DIR)/NewSDKDemo/libs/ThirdPart/NewGoogle",
					"$(PROJECT_DIR)/NewSDKDemo/libs/ThirdPart",
					"$(PROJECT_DIR)/NewSDKDemo/libs/ThirdPart/AF6.0.5",
					"$(PROJECT_DIR)/NewSDKDemo/libs/fb8.2",
					"$(PROJECT_DIR)/NewSDKDemo/libs/AF6.1.4",
					"$(PROJECT_DIR)/NewSDKDemo/libs/google7.5.0",
					"$(PROJECT_DIR)/NewSDKDemo/libs/AF6.2.2",
					"$(PROJECT_DIR)/NewSDKDemo/libs/fb9.1",
					"$(PROJECT_DIR)/NewSDKDemo/libs/IS7.1.1",
					"$(PROJECT_DIR)/NewSDKDemo/libs/google3.30",
					"$(PROJECT_DIR)/NewSDKDemo/libs/IS7.1.1/ISAdMobAdapter",
					"$(PROJECT_DIR)/NewSDKDemo/libs/IS7.1.1/ISFacebookAdapter",
					"$(PROJECT_DIR)/NewSDKDemo/libs/AF6.2.5",
					"$(PROJECT_DIR)/NewSDKDemo/libs/IS7.1.1/MobSDK",
					"$(PROJECT_DIR)/NewSDKDemo/libs/AF6.4.2",
					"$(PROJECT_DIR)/NewSDKDemo/libs/IS7.1.14/AdMob4.3.30",
					"$(PROJECT_DIR)/NewSDKDemo/libs/IS7.1.14/IronSource7.1.14",
					"$(PROJECT_DIR)/NewSDKDemo/libs/IS7.1.14/ISFacebookAdapter4.3.33",
					"$(PROJECT_DIR)/NewSDKDemo/libs/IS7.1.14/ISPangleAdapter4.3.10",
					"$(PROJECT_DIR)/NewSDKDemo/libs/Fire8.7.0",
					"$(PROJECT_DIR)/NewSDKDemo/libs/FB12.1.0",
					"$(PROJECT_DIR)/NewSDKDemo/libs/AF6.5.2",
					"$(PROJECT_DIR)/NewSDKDemo/libs/IS/Unity",
					"$(PROJECT_DIR)/NewSDKDemo/libs/IS/IronSource7.2.3.1",
					"$(PROJECT_DIR)/NewSDKDemo/libs/IS/Vungle",
					"$(PROJECT_DIR)/NewSDKDemo/libs/IS/Tapjoy",
					"$(PROJECT_DIR)/NewSDKDemo/libs/IS/Applovin",
					"$(PROJECT_DIR)/NewSDKDemo/libs/IS/Pangle",
					"$(PROJECT_DIR)/NewSDKDemo/libs/IS/Meta",
					"$(PROJECT_DIR)/NewSDKDemo/libs/IS/Admob",
				);
				INFOPLIST_FILE = NewSDKDemo/Info.plist;
				IPHONEOS_DEPLOYMENT_TARGET = 9.0;
				LD_RUNPATH_SEARCH_PATHS = (
					"$(inherited)",
					"@executable_path/Frameworks",
				);
				LIBRARY_SEARCH_PATHS = (
					"$(inherited)",
					"$(PROJECT_DIR)/NewSDKDemo",
					"$(PROJECT_DIR)/NewSDKDemo/libs",
				);
				OTHER_LDFLAGS = "-ObjC";
				PRODUCT_BUNDLE_IDENTIFIER = com.th.slg124;
				PRODUCT_NAME = "APPLE泰文SDK";
				PROVISIONING_PROFILE_SPECIFIER = "";
				SWIFT_OBJC_BRIDGING_HEADER = "NewSDKDemo/NewSDKDemo-Bridging-Header.h";
				SWIFT_OPTIMIZATION_LEVEL = "-Onone";
				SWIFT_VERSION = 5.0;
				TARGETED_DEVICE_FAMILY = "1,2";
			};
			name = Debug;
		};
		FE66F8642254566100E41A6A /* Release */ = {
			isa = XCBuildConfiguration;
			buildSettings = {
				ASSETCATALOG_COMPILER_APPICON_NAME = AppIcon;
				CLANG_ENABLE_MODULES = YES;
				CLANG_WARN_OBJC_IMPLICIT_RETAIN_SELF = NO;
				CODE_SIGN_ENTITLEMENTS = "NewSDKDemo/APPLE泰文SDK.entitlements";
				CODE_SIGN_IDENTITY = "Apple Development";
				CODE_SIGN_STYLE = Automatic;
				DEVELOPMENT_TEAM = G6WJ4DK4A4;
				ENABLE_BITCODE = NO;
				EXCLUDED_ARCHS = "";
				FRAMEWORK_SEARCH_PATHS = (
					"$(inherited)",
					"$(PROJECT_DIR)/NewSDKDemo",
					"$(PROJECT_DIR)/NewSDKDemo/libs",
					"$(PROJECT_DIR)/NewSDKDemo/libs/ThirdPart/fb7.1.1",
					"$(PROJECT_DIR)/NewSDKDemo/libs/ThirdPart/NewGoogle",
					"$(PROJECT_DIR)/NewSDKDemo/libs/ThirdPart",
					"$(PROJECT_DIR)/NewSDKDemo/libs/ThirdPart/AF6.0.5",
					"$(PROJECT_DIR)/NewSDKDemo/libs/fb8.2",
					"$(PROJECT_DIR)/NewSDKDemo/libs/AF6.1.4",
					"$(PROJECT_DIR)/NewSDKDemo/libs/google7.5.0",
					"$(PROJECT_DIR)/NewSDKDemo/libs/AF6.2.2",
					"$(PROJECT_DIR)/NewSDKDemo/libs/fb9.1",
					"$(PROJECT_DIR)/NewSDKDemo/libs/IS7.1.1",
					"$(PROJECT_DIR)/NewSDKDemo/libs/google3.30",
					"$(PROJECT_DIR)/NewSDKDemo/libs/IS7.1.1/ISAdMobAdapter",
					"$(PROJECT_DIR)/NewSDKDemo/libs/IS7.1.1/ISFacebookAdapter",
					"$(PROJECT_DIR)/NewSDKDemo/libs/AF6.2.5",
					"$(PROJECT_DIR)/NewSDKDemo/libs/IS7.1.1/MobSDK",
					"$(PROJECT_DIR)/NewSDKDemo/libs/AF6.4.2",
					"$(PROJECT_DIR)/NewSDKDemo/libs/IS7.1.14/AdMob4.3.30",
					"$(PROJECT_DIR)/NewSDKDemo/libs/IS7.1.14/IronSource7.1.14",
					"$(PROJECT_DIR)/NewSDKDemo/libs/IS7.1.14/ISFacebookAdapter4.3.33",
					"$(PROJECT_DIR)/NewSDKDemo/libs/IS7.1.14/ISPangleAdapter4.3.10",
					"$(PROJECT_DIR)/NewSDKDemo/libs/Fire8.7.0",
					"$(PROJECT_DIR)/NewSDKDemo/libs/FB12.1.0",
					"$(PROJECT_DIR)/NewSDKDemo/libs/AF6.5.2",
					"$(PROJECT_DIR)/NewSDKDemo/libs/IS/Unity",
					"$(PROJECT_DIR)/NewSDKDemo/libs/IS/IronSource7.2.3.1",
					"$(PROJECT_DIR)/NewSDKDemo/libs/IS/Vungle",
					"$(PROJECT_DIR)/NewSDKDemo/libs/IS/Tapjoy",
					"$(PROJECT_DIR)/NewSDKDemo/libs/IS/Applovin",
					"$(PROJECT_DIR)/NewSDKDemo/libs/IS/Pangle",
					"$(PROJECT_DIR)/NewSDKDemo/libs/IS/Meta",
					"$(PROJECT_DIR)/NewSDKDemo/libs/IS/Admob",
				);
				INFOPLIST_FILE = NewSDKDemo/Info.plist;
				IPHONEOS_DEPLOYMENT_TARGET = 9.0;
				LD_RUNPATH_SEARCH_PATHS = (
					"$(inherited)",
					"@executable_path/Frameworks",
				);
				LIBRARY_SEARCH_PATHS = (
					"$(inherited)",
					"$(PROJECT_DIR)/NewSDKDemo",
					"$(PROJECT_DIR)/NewSDKDemo/libs",
				);
				OTHER_LDFLAGS = "-ObjC";
				PRODUCT_BUNDLE_IDENTIFIER = com.th.slg124;
				PRODUCT_NAME = "APPLE泰文SDK";
				PROVISIONING_PROFILE_SPECIFIER = "";
				SWIFT_OBJC_BRIDGING_HEADER = "NewSDKDemo/NewSDKDemo-Bridging-Header.h";
				SWIFT_VERSION = 5.0;
				TARGETED_DEVICE_FAMILY = "1,2";
			};
			name = Release;
		};
/* End XCBuildConfiguration section */

/* Begin XCConfigurationList section */
		FE66F8472254566100E41A6A /* Build configuration list for PBXProject "NewSDKDemo" */ = {
			isa = XCConfigurationList;
			buildConfigurations = (
				FE66F8602254566100E41A6A /* Debug */,
				FE66F8612254566100E41A6A /* Release */,
			);
			defaultConfigurationIsVisible = 0;
			defaultConfigurationName = Release;
		};
		FE66F8622254566100E41A6A /* Build configuration list for PBXNativeTarget "NewSDKDemo" */ = {
			isa = XCConfigurationList;
			buildConfigurations = (
				FE66F8632254566100E41A6A /* Debug */,
				FE66F8642254566100E41A6A /* Release */,
			);
			defaultConfigurationIsVisible = 0;
			defaultConfigurationName = Release;
		};
/* End XCConfigurationList section */
	};
	rootObject = FE66F8442254566100E41A6A /* Project object */;
}
